// !$*UTF8*$!
{
	archiveVersion = 1;
	classes = {
	};
	objectVersion = 56;
	objects = {

/* Begin PBXBuildFile section */
		0FC3D2BF2BE7BDA700C74964 /* AppDelegate.swift in Sources */ = {isa = PBXBuildFile; fileRef = 0FC3D2BE2BE7BDA700C74964 /* AppDelegate.swift */; };
		0FC3D2C12BE7BDA700C74964 /* SceneDelegate.swift in Sources */ = {isa = PBXBuildFile; fileRef = 0FC3D2C02BE7BDA700C74964 /* SceneDelegate.swift */; };
		0FC3D2C32BE7BDA700C74964 /* UserListViewController.swift in Sources */ = {isa = PBXBuildFile; fileRef = 0FC3D2C22BE7BDA700C74964 /* UserListViewController.swift */; };
		0FC3D2CB2BE7BDA800C74964 /* Assets.xcassets in Resources */ = {isa = PBXBuildFile; fileRef = 0FC3D2CA2BE7BDA800C74964 /* Assets.xcassets */; };
		0FC3D2CE2BE7BDA800C74964 /* Base in Resources */ = {isa = PBXBuildFile; fileRef = 0FC3D2CD2BE7BDA800C74964 /* Base */; };
		0FC3D3572BEE137B00C74964 /* UserDetailsViewController.swift in Sources */ = {isa = PBXBuildFile; fileRef = 0FC3D3562BEE137B00C74964 /* UserDetailsViewController.swift */; };
		0FC3D35A2BEF2E8B00C74964 /* UITextField+Extensions.swift in Sources */ = {isa = PBXBuildFile; fileRef = 0FC3D3592BEF2E8B00C74964 /* UITextField+Extensions.swift */; };
/* End PBXBuildFile section */

/* Begin PBXFileReference section */
		0FC3D2BB2BE7BDA700C74964 /* CoreDataProfileApplication.app */ = {isa = PBXFileReference; explicitFileType = wrapper.application; includeInIndex = 0; path = CoreDataProfileApplication.app; sourceTree = BUILT_PRODUCTS_DIR; };
		0FC3D2BE2BE7BDA700C74964 /* AppDelegate.swift */ = {isa = PBXFileReference; lastKnownFileType = sourcecode.swift; path = AppDelegate.swift; sourceTree = "<group>"; };
		0FC3D2C02BE7BDA700C74964 /* SceneDelegate.swift */ = {isa = PBXFileReference; lastKnownFileType = sourcecode.swift; path = SceneDelegate.swift; sourceTree = "<group>"; };
		0FC3D2C22BE7BDA700C74964 /* UserListViewController.swift */ = {isa = PBXFileReference; lastKnownFileType = sourcecode.swift; path = UserListViewController.swift; sourceTree = "<group>"; };
		0FC3D2CA2BE7BDA800C74964 /* Assets.xcassets */ = {isa = PBXFileReference; lastKnownFileType = folder.assetcatalog; path = Assets.xcassets; sourceTree = "<group>"; };
		0FC3D2CD2BE7BDA800C74964 /* Base */ = {isa = PBXFileReference; lastKnownFileType = file.storyboard; name = Base; path = Base.lproj/LaunchScreen.storyboard; sourceTree = "<group>"; };
		0FC3D2CF2BE7BDA800C74964 /* Info.plist */ = {isa = PBXFileReference; lastKnownFileType = text.plist.xml; path = Info.plist; sourceTree = "<group>"; };
		0FC3D3562BEE137B00C74964 /* UserDetailsViewController.swift */ = {isa = PBXFileReference; lastKnownFileType = sourcecode.swift; path = UserDetailsViewController.swift; sourceTree = "<group>"; };
		0FC3D3592BEF2E8B00C74964 /* UITextField+Extensions.swift */ = {isa = PBXFileReference; lastKnownFileType = sourcecode.swift; path = "UITextField+Extensions.swift"; sourceTree = "<group>"; };
/* End PBXFileReference section */

/* Begin PBXFrameworksBuildPhase section */
		0FC3D2B82BE7BDA700C74964 /* Frameworks */ = {
			isa = PBXFrameworksBuildPhase;
			buildActionMask = 2147483647;
			files = (
			);
			runOnlyForDeploymentPostprocessing = 0;
		};
/* End PBXFrameworksBuildPhase section */

/* Begin PBXGroup section */
		0FC3D2B22BE7BDA700C74964 = {
			isa = PBXGroup;
			children = (
				0FC3D2BD2BE7BDA700C74964 /* CoreDataProfileApplication */,
				0FC3D2BC2BE7BDA700C74964 /* Products */,
			);
			sourceTree = "<group>";
		};
		0FC3D2BC2BE7BDA700C74964 /* Products */ = {
			isa = PBXGroup;
			children = (
				0FC3D2BB2BE7BDA700C74964 /* CoreDataProfileApplication.app */,
			);
			name = Products;
			sourceTree = "<group>";
		};
		0FC3D2BD2BE7BDA700C74964 /* CoreDataProfileApplication */ = {
			isa = PBXGroup;
			children = (
				0FC3D3582BEF2E7600C74964 /* Extensions */,
				0FC3D2D52BE7BDB600C74964 /* App */,
				0FC3D2D62BE7BDBA00C74964 /* Sources */,
				0FC3D2D72BE7BDC900C74964 /* Resources */,
			);
			path = CoreDataProfileApplication;
			sourceTree = "<group>";
		};
		0FC3D2D52BE7BDB600C74964 /* App */ = {
			isa = PBXGroup;
			children = (
				0FC3D2BE2BE7BDA700C74964 /* AppDelegate.swift */,
				0FC3D2C02BE7BDA700C74964 /* SceneDelegate.swift */,
			);
			path = App;
			sourceTree = "<group>";
		};
		0FC3D2D62BE7BDBA00C74964 /* Sources */ = {
			isa = PBXGroup;
			children = (
				0FC3D3502BEE108A00C74964 /* Models */,
				0FC3D3512BEE109500C74964 /* Views */,
				0FC3D3522BEE109B00C74964 /* Presenters */,
				0FC3D3532BEE10A900C74964 /* CoreData */,
			);
			path = Sources;
			sourceTree = "<group>";
		};
		0FC3D2D72BE7BDC900C74964 /* Resources */ = {
			isa = PBXGroup;
			children = (
				0FC3D2CA2BE7BDA800C74964 /* Assets.xcassets */,
				0FC3D2CC2BE7BDA800C74964 /* LaunchScreen.storyboard */,
				0FC3D2CF2BE7BDA800C74964 /* Info.plist */,
			);
			path = Resources;
			sourceTree = "<group>";
		};
		0FC3D3502BEE108A00C74964 /* Models */ = {
			isa = PBXGroup;
			children = (
			);
			path = Models;
			sourceTree = "<group>";
		};
		0FC3D3512BEE109500C74964 /* Views */ = {
			isa = PBXGroup;
			children = (
				0FC3D2C22BE7BDA700C74964 /* UserListViewController.swift */,
				0FC3D3562BEE137B00C74964 /* UserDetailsViewController.swift */,
			);
			path = Views;
			sourceTree = "<group>";
		};
		0FC3D3522BEE109B00C74964 /* Presenters */ = {
			isa = PBXGroup;
			children = (
			);
			path = Presenters;
			sourceTree = "<group>";
		};
		0FC3D3532BEE10A900C74964 /* CoreData */ = {
			isa = PBXGroup;
			children = (
			);
			path = CoreData;
			sourceTree = "<group>";
		};
		0FC3D3582BEF2E7600C74964 /* Extensions */ = {
			isa = PBXGroup;
			children = (
				0FC3D3592BEF2E8B00C74964 /* UITextField+Extensions.swift */,
			);
			path = Extensions;
			sourceTree = "<group>";
		};
/* End PBXGroup section */

/* Begin PBXNativeTarget section */
		0FC3D2BA2BE7BDA700C74964 /* CoreDataProfileApplication */ = {
			isa = PBXNativeTarget;
			buildConfigurationList = 0FC3D2D22BE7BDA800C74964 /* Build configuration list for PBXNativeTarget "CoreDataProfileApplication" */;
			buildPhases = (
				0FC3D2B72BE7BDA700C74964 /* Sources */,
				0FC3D2B82BE7BDA700C74964 /* Frameworks */,
				0FC3D2B92BE7BDA700C74964 /* Resources */,
			);
			buildRules = (
			);
			dependencies = (
			);
			name = CoreDataProfileApplication;
			productName = CoreDataProfileApplication;
			productReference = 0FC3D2BB2BE7BDA700C74964 /* CoreDataProfileApplication.app */;
			productType = "com.apple.product-type.application";
		};
/* End PBXNativeTarget section */

/* Begin PBXProject section */
		0FC3D2B32BE7BDA700C74964 /* Project object */ = {
			isa = PBXProject;
			attributes = {
				BuildIndependentTargetsInParallel = 1;
				LastSwiftUpdateCheck = 1530;
				LastUpgradeCheck = 1530;
				TargetAttributes = {
					0FC3D2BA2BE7BDA700C74964 = {
						CreatedOnToolsVersion = 15.3;
					};
				};
			};
			buildConfigurationList = 0FC3D2B62BE7BDA700C74964 /* Build configuration list for PBXProject "CoreDataProfileApplication" */;
			compatibilityVersion = "Xcode 14.0";
			developmentRegion = en;
			hasScannedForEncodings = 0;
			knownRegions = (
				en,
				Base,
			);
			mainGroup = 0FC3D2B22BE7BDA700C74964;
			productRefGroup = 0FC3D2BC2BE7BDA700C74964 /* Products */;
			projectDirPath = "";
			projectRoot = "";
			targets = (
				0FC3D2BA2BE7BDA700C74964 /* CoreDataProfileApplication */,
			);
		};
/* End PBXProject section */

/* Begin PBXResourcesBuildPhase section */
		0FC3D2B92BE7BDA700C74964 /* Resources */ = {
			isa = PBXResourcesBuildPhase;
			buildActionMask = 2147483647;
			files = (
				0FC3D2CB2BE7BDA800C74964 /* Assets.xcassets in Resources */,
				0FC3D2CE2BE7BDA800C74964 /* Base in Resources */,
			);
			runOnlyForDeploymentPostprocessing = 0;
		};
/* End PBXResourcesBuildPhase section */

/* Begin PBXSourcesBuildPhase section */
		0FC3D2B72BE7BDA700C74964 /* Sources */ = {
			isa = PBXSourcesBuildPhase;
			buildActionMask = 2147483647;
			files = (
				0FC3D2C32BE7BDA700C74964 /* UserListViewController.swift in Sources */,
				0FC3D2BF2BE7BDA700C74964 /* AppDelegate.swift in Sources */,
				0FC3D3572BEE137B00C74964 /* UserDetailsViewController.swift in Sources */,
				0FC3D2C12BE7BDA700C74964 /* SceneDelegate.swift in Sources */,
				0FC3D35A2BEF2E8B00C74964 /* UITextField+Extensions.swift in Sources */,
			);
			runOnlyForDeploymentPostprocessing = 0;
		};
/* End PBXSourcesBuildPhase section */

/* Begin PBXVariantGroup section */
		0FC3D2CC2BE7BDA800C74964 /* LaunchScreen.storyboard */ = {
			isa = PBXVariantGroup;
			children = (
				0FC3D2CD2BE7BDA800C74964 /* Base */,
			);
			name = LaunchScreen.storyboard;
			sourceTree = "<group>";
		};
/* End PBXVariantGroup section */

/* Begin XCBuildConfiguration section */
		0FC3D2D02BE7BDA800C74964 /* Debug */ = {
			isa = XCBuildConfiguration;
			buildSettings = {
				ALWAYS_SEARCH_USER_PATHS = NO;
				ASSETCATALOG_COMPILER_GENERATE_SWIFT_ASSET_SYMBOL_EXTENSIONS = YES;
				CLANG_ANALYZER_NONNULL = YES;
				CLANG_ANALYZER_NUMBER_OBJECT_CONVERSION = YES_AGGRESSIVE;
				CLANG_CXX_LANGUAGE_STANDARD = "gnu++20";
				CLANG_ENABLE_MODULES = YES;
				CLANG_ENABLE_OBJC_ARC = YES;
				CLANG_ENABLE_OBJC_WEAK = YES;
				CLANG_WARN_BLOCK_CAPTURE_AUTORELEASING = YES;
				CLANG_WARN_BOOL_CONVERSION = YES;
				CLANG_WARN_COMMA = YES;
				CLANG_WARN_CONSTANT_CONVERSION = YES;
				CLANG_WARN_DEPRECATED_OBJC_IMPLEMENTATIONS = YES;
				CLANG_WARN_DIRECT_OBJC_ISA_USAGE = YES_ERROR;
				CLANG_WARN_DOCUMENTATION_COMMENTS = YES;
				CLANG_WARN_EMPTY_BODY = YES;
				CLANG_WARN_ENUM_CONVERSION = YES;
				CLANG_WARN_INFINITE_RECURSION = YES;
				CLANG_WARN_INT_CONVERSION = YES;
				CLANG_WARN_NON_LITERAL_NULL_CONVERSION = YES;
				CLANG_WARN_OBJC_IMPLICIT_RETAIN_SELF = YES;
				CLANG_WARN_OBJC_LITERAL_CONVERSION = YES;
				CLANG_WARN_OBJC_ROOT_CLASS = YES_ERROR;
				CLANG_WARN_QUOTED_INCLUDE_IN_FRAMEWORK_HEADER = YES;
				CLANG_WARN_RANGE_LOOP_ANALYSIS = YES;
				CLANG_WARN_STRICT_PROTOTYPES = YES;
				CLANG_WARN_SUSPICIOUS_MOVE = YES;
				CLANG_WARN_UNGUARDED_AVAILABILITY = YES_AGGRESSIVE;
				CLANG_WARN_UNREACHABLE_CODE = YES;
				CLANG_WARN__DUPLICATE_METHOD_MATCH = YES;
				COPY_PHASE_STRIP = NO;
				DEBUG_INFORMATION_FORMAT = dwarf;
				ENABLE_STRICT_OBJC_MSGSEND = YES;
				ENABLE_TESTABILITY = YES;
				ENABLE_USER_SCRIPT_SANDBOXING = YES;
				GCC_C_LANGUAGE_STANDARD = gnu17;
				GCC_DYNAMIC_NO_PIC = NO;
				GCC_NO_COMMON_BLOCKS = YES;
				GCC_OPTIMIZATION_LEVEL = 0;
				GCC_PREPROCESSOR_DEFINITIONS = (
					"DEBUG=1",
					"$(inherited)",
				);
				GCC_WARN_64_TO_32_BIT_CONVERSION = YES;
				GCC_WARN_ABOUT_RETURN_TYPE = YES_ERROR;
				GCC_WARN_UNDECLARED_SELECTOR = YES;
				GCC_WARN_UNINITIALIZED_AUTOS = YES_AGGRESSIVE;
				GCC_WARN_UNUSED_FUNCTION = YES;
				GCC_WARN_UNUSED_VARIABLE = YES;
				IPHONEOS_DEPLOYMENT_TARGET = 17.4;
				LOCALIZATION_PREFERS_STRING_CATALOGS = YES;
				MTL_ENABLE_DEBUG_INFO = INCLUDE_SOURCE;
				MTL_FAST_MATH = YES;
				ONLY_ACTIVE_ARCH = YES;
				SDKROOT = iphoneos;
				SWIFT_ACTIVE_COMPILATION_CONDITIONS = "DEBUG $(inherited)";
				SWIFT_OPTIMIZATION_LEVEL = "-Onone";
			};
			name = Debug;
		};
		0FC3D2D12BE7BDA800C74964 /* Release */ = {
			isa = XCBuildConfiguration;
			buildSettings = {
				ALWAYS_SEARCH_USER_PATHS = NO;
				ASSETCATALOG_COMPILER_GENERATE_SWIFT_ASSET_SYMBOL_EXTENSIONS = YES;
				CLANG_ANALYZER_NONNULL = YES;
				CLANG_ANALYZER_NUMBER_OBJECT_CONVERSION = YES_AGGRESSIVE;
				CLANG_CXX_LANGUAGE_STANDARD = "gnu++20";
				CLANG_ENABLE_MODULES = YES;
				CLANG_ENABLE_OBJC_ARC = YES;
				CLANG_ENABLE_OBJC_WEAK = YES;
				CLANG_WARN_BLOCK_CAPTURE_AUTORELEASING = YES;
				CLANG_WARN_BOOL_CONVERSION = YES;
				CLANG_WARN_COMMA = YES;
				CLANG_WARN_CONSTANT_CONVERSION = YES;
				CLANG_WARN_DEPRECATED_OBJC_IMPLEMENTATIONS = YES;
				CLANG_WARN_DIRECT_OBJC_ISA_USAGE = YES_ERROR;
				CLANG_WARN_DOCUMENTATION_COMMENTS = YES;
				CLANG_WARN_EMPTY_BODY = YES;
				CLANG_WARN_ENUM_CONVERSION = YES;
				CLANG_WARN_INFINITE_RECURSION = YES;
				CLANG_WARN_INT_CONVERSION = YES;
				CLANG_WARN_NON_LITERAL_NULL_CONVERSION = YES;
				CLANG_WARN_OBJC_IMPLICIT_RETAIN_SELF = YES;
				CLANG_WARN_OBJC_LITERAL_CONVERSION = YES;
				CLANG_WARN_OBJC_ROOT_CLASS = YES_ERROR;
				CLANG_WARN_QUOTED_INCLUDE_IN_FRAMEWORK_HEADER = YES;
				CLANG_WARN_RANGE_LOOP_ANALYSIS = YES;
				CLANG_WARN_STRICT_PROTOTYPES = YES;
				CLANG_WARN_SUSPICIOUS_MOVE = YES;
				CLANG_WARN_UNGUARDED_AVAILABILITY = YES_AGGRESSIVE;
				CLANG_WARN_UNREACHABLE_CODE = YES;
				CLANG_WARN__DUPLICATE_METHOD_MATCH = YES;
				COPY_PHASE_STRIP = NO;
				DEBUG_INFORMATION_FORMAT = "dwarf-with-dsym";
				ENABLE_NS_ASSERTIONS = NO;
				ENABLE_STRICT_OBJC_MSGSEND = YES;
				ENABLE_USER_SCRIPT_SANDBOXING = YES;
				GCC_C_LANGUAGE_STANDARD = gnu17;
				GCC_NO_COMMON_BLOCKS = YES;
				GCC_WARN_64_TO_32_BIT_CONVERSION = YES;
				GCC_WARN_ABOUT_RETURN_TYPE = YES_ERROR;
				GCC_WARN_UNDECLARED_SELECTOR = YES;
				GCC_WARN_UNINITIALIZED_AUTOS = YES_AGGRESSIVE;
				GCC_WARN_UNUSED_FUNCTION = YES;
				GCC_WARN_UNUSED_VARIABLE = YES;
				IPHONEOS_DEPLOYMENT_TARGET = 17.4;
				LOCALIZATION_PREFERS_STRING_CATALOGS = YES;
				MTL_ENABLE_DEBUG_INFO = NO;
				MTL_FAST_MATH = YES;
				SDKROOT = iphoneos;
				SWIFT_COMPILATION_MODE = wholemodule;
				VALIDATE_PRODUCT = YES;
			};
			name = Release;
		};
		0FC3D2D32BE7BDA800C74964 /* Debug */ = {
			isa = XCBuildConfiguration;
			buildSettings = {
				ASSETCATALOG_COMPILER_APPICON_NAME = AppIcon;
				ASSETCATALOG_COMPILER_GLOBAL_ACCENT_COLOR_NAME = AccentColor;
				CODE_SIGN_STYLE = Automatic;
				CURRENT_PROJECT_VERSION = 1;
				DEVELOPMENT_TEAM = A2MAATC4Z9;
				GENERATE_INFOPLIST_FILE = YES;
				INFOPLIST_FILE = CoreDataProfileApplication/Resources/Info.plist;
				INFOPLIST_KEY_UIApplicationSupportsIndirectInputEvents = YES;
				INFOPLIST_KEY_UILaunchStoryboardName = LaunchScreen;
				INFOPLIST_KEY_UISupportedInterfaceOrientations = UIInterfaceOrientationPortrait;
				INFOPLIST_KEY_UISupportedInterfaceOrientations_iPad = "UIInterfaceOrientationLandscapeLeft UIInterfaceOrientationLandscapeRight UIInterfaceOrientationPortrait UIInterfaceOrientationPortraitUpsideDown";
				IPHONEOS_DEPLOYMENT_TARGET = 16.0;
				LD_RUNPATH_SEARCH_PATHS = (
					"$(inherited)",
					"@executable_path/Frameworks",
				);
				MARKETING_VERSION = 1.0;
				PRODUCT_BUNDLE_IDENTIFIER = com.my.CoreDataProfileApplication;
				PRODUCT_NAME = "$(TARGET_NAME)";
				SUPPORTED_PLATFORMS = "iphoneos iphonesimulator";
				SUPPORTS_MACCATALYST = NO;
				SUPPORTS_MAC_DESIGNED_FOR_IPHONE_IPAD = NO;
				SUPPORTS_XR_DESIGNED_FOR_IPHONE_IPAD = NO;
				SWIFT_EMIT_LOC_STRINGS = YES;
				SWIFT_VERSION = 5.0;
				TARGETED_DEVICE_FAMILY = 1;
			};
			name = Debug;
		};
		0FC3D2D42BE7BDA800C74964 /* Release */ = {
			isa = XCBuildConfiguration;
			buildSettings = {
				ASSETCATALOG_COMPILER_APPICON_NAME = AppIcon;
				ASSETCATALOG_COMPILER_GLOBAL_ACCENT_COLOR_NAME = AccentColor;
				CODE_SIGN_STYLE = Automatic;
				CURRENT_PROJECT_VERSION = 1;
				DEVELOPMENT_TEAM = A2MAATC4Z9;
				GENERATE_INFOPLIST_FILE = YES;
				INFOPLIST_FILE = CoreDataProfileApplication/Resources/Info.plist;
				INFOPLIST_KEY_UIApplicationSupportsIndirectInputEvents = YES;
				INFOPLIST_KEY_UILaunchStoryboardName = LaunchScreen;
				INFOPLIST_KEY_UISupportedInterfaceOrientations = UIInterfaceOrientationPortrait;
				INFOPLIST_KEY_UISupportedInterfaceOrientations_iPad = "UIInterfaceOrientationLandscapeLeft UIInterfaceOrientationLandscapeRight UIInterfaceOrientationPortrait UIInterfaceOrientationPortraitUpsideDown";
				IPHONEOS_DEPLOYMENT_TARGET = 16.0;
				LD_RUNPATH_SEARCH_PATHS = (
					"$(inherited)",
					"@executable_path/Frameworks",
				);
				MARKETING_VERSION = 1.0;
				PRODUCT_BUNDLE_IDENTIFIER = com.my.CoreDataProfileApplication;
				PRODUCT_NAME = "$(TARGET_NAME)";
				SUPPORTED_PLATFORMS = "iphoneos iphonesimulator";
				SUPPORTS_MACCATALYST = NO;
				SUPPORTS_MAC_DESIGNED_FOR_IPHONE_IPAD = NO;
				SUPPORTS_XR_DESIGNED_FOR_IPHONE_IPAD = NO;
				SWIFT_EMIT_LOC_STRINGS = YES;
				SWIFT_VERSION = 5.0;
				TARGETED_DEVICE_FAMILY = 1;
			};
			name = Release;
		};
/* End XCBuildConfiguration section */

/* Begin XCConfigurationList section */
		0FC3D2B62BE7BDA700C74964 /* Build configuration list for PBXProject "CoreDataProfileApplication" */ = {
			isa = XCConfigurationList;
			buildConfigurations = (
				0FC3D2D02BE7BDA800C74964 /* Debug */,
				0FC3D2D12BE7BDA800C74964 /* Release */,
			);
			defaultConfigurationIsVisible = 0;
			defaultConfigurationName = Release;
		};
		0FC3D2D22BE7BDA800C74964 /* Build configuration list for PBXNativeTarget "CoreDataProfileApplication" */ = {
			isa = XCConfigurationList;
			buildConfigurations = (
				0FC3D2D32BE7BDA800C74964 /* Debug */,
				0FC3D2D42BE7BDA800C74964 /* Release */,
			);
			defaultConfigurationIsVisible = 0;
			defaultConfigurationName = Release;
		};
/* End XCConfigurationList section */
	};
	rootObject = 0FC3D2B32BE7BDA700C74964 /* Project object */;
}
